
Microsoft Visual Studio Solution File, Format Version 12.00
# Visual Studio 15
VisualStudioVersion = 15.0.28307.1525
MinimumVisualStudioVersion = 10.0.40219.1
Project("{E24C65DC-7377-472B-9ABA-BC803B73C61A}") = "Streaming Site", "Streaming Site\", "{AB7F5FA8-61CE-4794-8CE2-C39E45C9F328}"
	ProjectSection(WebsiteProperties) = preProject
		TargetFrameworkMoniker = ".NETFramework,Version%3Dv4.6.1"
		Debug.AspNetCompiler.VirtualPath = "/localhost_57385"
		Debug.AspNetCompiler.PhysicalPath = "Streaming Site\"
		Debug.AspNetCompiler.TargetPath = "PrecompiledWeb\localhost_57385\"
		Debug.AspNetCompiler.Updateable = "true"
		Debug.AspNetCompiler.ForceOverwrite = "true"
		Debug.AspNetCompiler.FixedNames = "false"
		Debug.AspNetCompiler.Debug = "True"
		Release.AspNetCompiler.VirtualPath = "/localhost_57385"
		Release.AspNetCompiler.PhysicalPath = "Streaming Site\"
		Release.AspNetCompiler.TargetPath = "PrecompiledWeb\localhost_57385\"
		Release.AspNetCompiler.Updateable = "true"
		Release.AspNetCompiler.ForceOverwrite = "true"
		Release.AspNetCompiler.FixedNames = "false"
		Release.AspNetCompiler.Debug = "False"
		VWDPort = "57385"
		SlnRelativePath = "Streaming Site\"
		DefaultWebSiteLanguage = "Visual C#"
	EndProjectSection
EndProject
Global
	GlobalSection(SolutionConfigurationPlatforms) = preSolution
		Debug|Any CPU = Debug|Any CPU
	EndGlobalSection
	GlobalSection(ProjectConfigurationPlatforms) = postSolution
		{AB7F5FA8-61CE-4794-8CE2-C39E45C9F328}.Debug|Any CPU.ActiveCfg = Debug|Any CPU
		{AB7F5FA8-61CE-4794-8CE2-C39E45C9F328}.Debug|Any CPU.Build.0 = Debug|Any CPU
	EndGlobalSection
	GlobalSection(SolutionProperties) = preSolution
		HideSolutionNode = FALSE
	EndGlobalSection
	GlobalSection(ExtensibilityGlobals) = postSolution
		SolutionGuid = {EB27D845-3269-44FB-9589-8C9012242FD4}
	EndGlobalSection
EndGlobal
